
Microsoft Visual Studio Solution File, Format Version 12.00
# Visual Studio Version 16
VisualStudioVersion = 16.0.30114.105
MinimumVisualStudioVersion = 10.0.40219.1
Project("{9A19103F-16F7-4668-BE54-9A1E7A4F7556}") = "EmsMvc_Repo_Inmemory", "EmsMvc\EmsMvc_Repo_Inmemory.csproj", "{89819C96-902A-4CBB-A200-3C267C000B8C}"
EndProject
Project("{9A19103F-16F7-4668-BE54-9A1E7A4F7556}") = "EmsMvc_Repo_EFCoreCF", "EmsMvc_Repo_EFCoreCF\EmsMvc_Repo_EFCoreCF.csproj", "{E9A0AC2E-F87D-447B-AD5B-697B94B4F4BF}"
EndProject
Project("{9A19103F-16F7-4668-BE54-9A1E7A4F7556}") = "EmsMvc_Repo_EFCore_CF_MultiModel", "EmsMvc_Repo_EFCore_CF_MultiModel\EmsMvc_Repo_EFCore_CF_MultiModel.csproj", "{6E4DCDC5-F221-465C-9255-02112C78DE52}"
EndProject
Project("{2150E333-8FDC-42A3-9474-1A3956D46DE8}") = "EMSServices", "EMSServices", "{7078576A-43D1-4BC3-94C9-1216308BDB7A}"
EndProject
Project("{9A19103F-16F7-4668-BE54-9A1E7A4F7556}") = "EmployeeService", "EmployeeService\EmployeeService.csproj", "{4CA2468C-0BCE-4D20-B3A3-A78DDC052A37}"
EndProject
Project("{9A19103F-16F7-4668-BE54-9A1E7A4F7556}") = "AuthService", "AuthService\AuthService.csproj", "{F754261A-7A33-4EFC-9DA6-09F8D0D3464F}"
EndProject
Project("{FAE04EC0-301F-11D3-BF4B-00C04F79EFBC}") = "ApiGateway", "ApiGateway\ApiGateway.csproj", "{978B7332-AF2F-47F5-8AA3-AF3F36C9DABA}"
EndProject
Project("{FAE04EC0-301F-11D3-BF4B-00C04F79EFBC}") = "DeptService", "DeptService\DeptService.csproj", "{B051BA32-69DA-4E04-AFDE-6A6B660A72A6}"
EndProject
Project("{FAE04EC0-301F-11D3-BF4B-00C04F79EFBC}") = "ProjectService", "ProjectService\ProjectService.csproj", "{D7EA41A7-6A92-4F4A-8D72-FF05288F2F89}"
EndProject
Project("{FAE04EC0-301F-11D3-BF4B-00C04F79EFBC}") = "EMS.Models", "EMS.Models\EMS.Models.csproj", "{29948FD2-9513-4937-8148-482A62218B64}"
EndProject
Project("{FAE04EC0-301F-11D3-BF4B-00C04F79EFBC}") = "EMS.Repositories", "EMS.Repositories\EMS.Repositories.csproj", "{D0D4BC25-09AA-45C5-9E37-778408E53187}"
EndProject
Global
	GlobalSection(SolutionConfigurationPlatforms) = preSolution
		Debug|Any CPU = Debug|Any CPU
		Release|Any CPU = Release|Any CPU
	EndGlobalSection
	GlobalSection(ProjectConfigurationPlatforms) = postSolution
		{89819C96-902A-4CBB-A200-3C267C000B8C}.Debug|Any CPU.ActiveCfg = Debug|Any CPU
		{89819C96-902A-4CBB-A200-3C267C000B8C}.Debug|Any CPU.Build.0 = Debug|Any CPU
		{89819C96-902A-4CBB-A200-3C267C000B8C}.Release|Any CPU.ActiveCfg = Release|Any CPU
		{89819C96-902A-4CBB-A200-3C267C000B8C}.Release|Any CPU.Build.0 = Release|Any CPU
		{E9A0AC2E-F87D-447B-AD5B-697B94B4F4BF}.Debug|Any CPU.ActiveCfg = Debug|Any CPU
		{E9A0AC2E-F87D-447B-AD5B-697B94B4F4BF}.Debug|Any CPU.Build.0 = Debug|Any CPU
		{E9A0AC2E-F87D-447B-AD5B-697B94B4F4BF}.Release|Any CPU.ActiveCfg = Release|Any CPU
		{E9A0AC2E-F87D-447B-AD5B-697B94B4F4BF}.Release|Any CPU.Build.0 = Release|Any CPU
		{6E4DCDC5-F221-465C-9255-02112C78DE52}.Debug|Any CPU.ActiveCfg = Debug|Any CPU
		{6E4DCDC5-F221-465C-9255-02112C78DE52}.Debug|Any CPU.Build.0 = Debug|Any CPU
		{6E4DCDC5-F221-465C-9255-02112C78DE52}.Release|Any CPU.ActiveCfg = Release|Any CPU
		{6E4DCDC5-F221-465C-9255-02112C78DE52}.Release|Any CPU.Build.0 = Release|Any CPU
		{4CA2468C-0BCE-4D20-B3A3-A78DDC052A37}.Debug|Any CPU.ActiveCfg = Debug|Any CPU
		{4CA2468C-0BCE-4D20-B3A3-A78DDC052A37}.Debug|Any CPU.Build.0 = Debug|Any CPU
		{4CA2468C-0BCE-4D20-B3A3-A78DDC052A37}.Release|Any CPU.ActiveCfg = Release|Any CPU
		{4CA2468C-0BCE-4D20-B3A3-A78DDC052A37}.Release|Any CPU.Build.0 = Release|Any CPU
		{F754261A-7A33-4EFC-9DA6-09F8D0D3464F}.Debug|Any CPU.ActiveCfg = Debug|Any CPU
		{F754261A-7A33-4EFC-9DA6-09F8D0D3464F}.Debug|Any CPU.Build.0 = Debug|Any CPU
		{F754261A-7A33-4EFC-9DA6-09F8D0D3464F}.Release|Any CPU.ActiveCfg = Release|Any CPU
		{F754261A-7A33-4EFC-9DA6-09F8D0D3464F}.Release|Any CPU.Build.0 = Release|Any CPU
		{978B7332-AF2F-47F5-8AA3-AF3F36C9DABA}.Debug|Any CPU.ActiveCfg = Debug|Any CPU
		{978B7332-AF2F-47F5-8AA3-AF3F36C9DABA}.Debug|Any CPU.Build.0 = Debug|Any CPU
		{978B7332-AF2F-47F5-8AA3-AF3F36C9DABA}.Release|Any CPU.ActiveCfg = Release|Any CPU
		{978B7332-AF2F-47F5-8AA3-AF3F36C9DABA}.Release|Any CPU.Build.0 = Release|Any CPU
		{B051BA32-69DA-4E04-AFDE-6A6B660A72A6}.Debug|Any CPU.ActiveCfg = Debug|Any CPU
		{B051BA32-69DA-4E04-AFDE-6A6B660A72A6}.Debug|Any CPU.Build.0 = Debug|Any CPU
		{B051BA32-69DA-4E04-AFDE-6A6B660A72A6}.Release|Any CPU.ActiveCfg = Release|Any CPU
		{B051BA32-69DA-4E04-AFDE-6A6B660A72A6}.Release|Any CPU.Build.0 = Release|Any CPU
		{D7EA41A7-6A92-4F4A-8D72-FF05288F2F89}.Debug|Any CPU.ActiveCfg = Debug|Any CPU
		{D7EA41A7-6A92-4F4A-8D72-FF05288F2F89}.Debug|Any CPU.Build.0 = Debug|Any CPU
		{D7EA41A7-6A92-4F4A-8D72-FF05288F2F89}.Release|Any CPU.ActiveCfg = Release|Any CPU
		{D7EA41A7-6A92-4F4A-8D72-FF05288F2F89}.Release|Any CPU.Build.0 = Release|Any CPU
		{29948FD2-9513-4937-8148-482A62218B64}.Debug|Any CPU.ActiveCfg = Debug|Any CPU
		{29948FD2-9513-4937-8148-482A62218B64}.Debug|Any CPU.Build.0 = Debug|Any CPU
		{29948FD2-9513-4937-8148-482A62218B64}.Release|Any CPU.ActiveCfg = Release|Any CPU
		{29948FD2-9513-4937-8148-482A62218B64}.Release|Any CPU.Build.0 = Release|Any CPU
		{D0D4BC25-09AA-45C5-9E37-778408E53187}.Debug|Any CPU.ActiveCfg = Debug|Any CPU
		{D0D4BC25-09AA-45C5-9E37-778408E53187}.Debug|Any CPU.Build.0 = Debug|Any CPU
		{D0D4BC25-09AA-45C5-9E37-778408E53187}.Release|Any CPU.ActiveCfg = Release|Any CPU
		{D0D4BC25-09AA-45C5-9E37-778408E53187}.Release|Any CPU.Build.0 = Release|Any CPU
	EndGlobalSection
	GlobalSection(SolutionProperties) = preSolution
		HideSolutionNode = FALSE
	EndGlobalSection
	GlobalSection(NestedProjects) = preSolution
		{4CA2468C-0BCE-4D20-B3A3-A78DDC052A37} = {7078576A-43D1-4BC3-94C9-1216308BDB7A}
		{F754261A-7A33-4EFC-9DA6-09F8D0D3464F} = {7078576A-43D1-4BC3-94C9-1216308BDB7A}
		{978B7332-AF2F-47F5-8AA3-AF3F36C9DABA} = {7078576A-43D1-4BC3-94C9-1216308BDB7A}
		{B051BA32-69DA-4E04-AFDE-6A6B660A72A6} = {7078576A-43D1-4BC3-94C9-1216308BDB7A}
		{D7EA41A7-6A92-4F4A-8D72-FF05288F2F89} = {7078576A-43D1-4BC3-94C9-1216308BDB7A}
		{29948FD2-9513-4937-8148-482A62218B64} = {7078576A-43D1-4BC3-94C9-1216308BDB7A}
		{D0D4BC25-09AA-45C5-9E37-778408E53187} = {7078576A-43D1-4BC3-94C9-1216308BDB7A}
	EndGlobalSection
	GlobalSection(ExtensibilityGlobals) = postSolution
		SolutionGuid = {D5B51FC9-B908-48DC-8DE4-F79FA2AAE077}
	EndGlobalSection
EndGlobal
